
Microsoft Visual Studio Solution File, Format Version 12.00
# Visual Studio Version 17
VisualStudioVersion = 17.3.32922.545
MinimumVisualStudioVersion = 10.0.40219.1
Project("{FAE04EC0-301F-11D3-BF4B-00C04F79EFBC}") = "MazeRunner2", "MazeRunner2.csproj", "{3522F1B1-BFA5-4E2C-9DB3-A9DC98DDA81C}"
EndProject
Global
	GlobalSection(SolutionConfigurationPlatforms) = preSolution
		Debug|Any CPU = Debug|Any CPU
		Release|Any CPU = Release|Any CPU
	EndGlobalSection
	GlobalSection(ProjectConfigurationPlatforms) = postSolution
		{3522F1B1-BFA5-4E2C-9DB3-A9DC98DDA81C}.Debug|Any CPU.ActiveCfg = Debug|Any CPU
		{3522F1B1-BFA5-4E2C-9DB3-A9DC98DDA81C}.Debug|Any CPU.Build.0 = Debug|Any CPU
		{3522F1B1-BFA5-4E2C-9DB3-A9DC98DDA81C}.Release|Any CPU.ActiveCfg = Release|Any CPU
		{3522F1B1-BFA5-4E2C-9DB3-A9DC98DDA81C}.Release|Any CPU.Build.0 = Release|Any CPU
	EndGlobalSection
	GlobalSection(SolutionProperties) = preSolution
		HideSolutionNode = FALSE
	EndGlobalSection
	GlobalSection(ExtensibilityGlobals) = postSolution
		SolutionGuid = {3F4F63A1-46A5-4EEF-BE23-EC2BA73F99D3}
	EndGlobalSection
EndGlobal
